
Microsoft Visual Studio Solution File, Format Version 12.00
# Visual Studio Version 16
VisualStudioVersion = 16.0.29519.181
MinimumVisualStudioVersion = 10.0.40219.1
Project("{FAE04EC0-301F-11D3-BF4B-00C04F79EFBC}") = "ASN1.Net", "ASN1.Net\ASN1.Net.csproj", "{0BD39A51-E779-4293-80C7-0CD0D54F8A1D}"
EndProject
Project("{FAE04EC0-301F-11D3-BF4B-00C04F79EFBC}") = "test", "test\test.csproj", "{80967DD6-EAC4-443E-8730-EA2FD223B65A}"
EndProject
Global
	GlobalSection(SolutionConfigurationPlatforms) = preSolution
		Debug|Any CPU = Debug|Any CPU
		Release|Any CPU = Release|Any CPU
	EndGlobalSection
	GlobalSection(ProjectConfigurationPlatforms) = postSolution
		{0BD39A51-E779-4293-80C7-0CD0D54F8A1D}.Debug|Any CPU.ActiveCfg = Debug|Any CPU
		{0BD39A51-E779-4293-80C7-0CD0D54F8A1D}.Debug|Any CPU.Build.0 = Debug|Any CPU
		{0BD39A51-E779-4293-80C7-0CD0D54F8A1D}.Release|Any CPU.ActiveCfg = Release|Any CPU
		{0BD39A51-E779-4293-80C7-0CD0D54F8A1D}.Release|Any CPU.Build.0 = Release|Any CPU
		{80967DD6-EAC4-443E-8730-EA2FD223B65A}.Debug|Any CPU.ActiveCfg = Debug|Any CPU
		{80967DD6-EAC4-443E-8730-EA2FD223B65A}.Debug|Any CPU.Build.0 = Debug|Any CPU
		{80967DD6-EAC4-443E-8730-EA2FD223B65A}.Release|Any CPU.ActiveCfg = Release|Any CPU
		{80967DD6-EAC4-443E-8730-EA2FD223B65A}.Release|Any CPU.Build.0 = Release|Any CPU
	EndGlobalSection
	GlobalSection(SolutionProperties) = preSolution
		HideSolutionNode = FALSE
	EndGlobalSection
	GlobalSection(ExtensibilityGlobals) = postSolution
		SolutionGuid = {8A1202EB-F49B-41C8-903F-78DECC7BA72F}
	EndGlobalSection
EndGlobal
